{
  "name": "source-vs-npm",
  "version": "1.0.0",
  "lockfileVersion": 3,
  "requires": true,
  "packages": {
    "": {
      "name": "source-vs-npm",
      "version": "1.0.0",
      "license": "ISC",
      "dependencies": {
        "download-counts": "npm:@explodingcabbage/counts@^2.20250515.0"
      }
    },
    "node_modules/all-the-package-names": {
      "version": "2.0.2154",
      "resolved": "https://registry.npmjs.org/all-the-package-names/-/all-the-package-names-2.0.2154.tgz",
      "integrity": "sha512-qP/dW3UcGgHKka5lCZ6U7/+R+eCAA1TyP9wzZqgajrQUZwOrhQDTZQ7lKvLkQmBs7Tifvwkmw+7o8QLAX91UkQ==",
      "license": "MIT",
      "bin": {
        "all-the-package-names": "cli.js"
      }
    },
    "node_modules/download-counts": {
      "name": "@explodingcabbage/counts",
      "version": "2.20250515.0",
      "resolved": "https://registry.npmjs.org/@explodingcabbage/counts/-/counts-2.20250515.0.tgz",
      "integrity": "sha512-PhQiGew0GHF0MpWhYbhT7xWBZVoreHlPcgto2qIbLXGpEo55l9eBQl5yhJMOSuDus5dXeMoxwEFJ4+3XW1/VWA==",
      "license": "ISC",
      "dependencies": {
        "all-the-package-names": "^2.0.2154"
      }
    }
  }
}
