{
  "name": "source-vs-npm",
  "version": "1.0.0",
  "lockfileVersion": 3,
  "requires": true,
  "packages": {
    "": {
      "name": "source-vs-npm",
      "version": "1.0.0",
      "license": "ISC",
      "dependencies": {
        "download-counts": "*"
      }
    },
    "node_modules/download-counts": {
      "version": "2.20250701.0",
      "resolved": "https://registry.npmjs.org/download-counts/-/download-counts-2.20250701.0.tgz",
      "integrity": "sha512-37tirWLAIKWITTaFK1FUkNRk7W7qxN2riCc51ambmFmBrtDcUvf0umvCPQ/a1p5ZC4CaiCfdtqY4vXD2HRr3Cw==",
      "license": "MIT"
    }
  }
}
